
Microsoft Visual Studio Solution File, Format Version 12.00
# Visual Studio Version 17
VisualStudioVersion = 17.14.36518.9 d17.14
MinimumVisualStudioVersion = 10.0.40219.1
Project("{8BC9CEB8-8B4A-11D0-8D11-00A0C91BC942}") = "test_2026_2_6", "test_2026_2_6\test_2026_2_6.vcxproj", "{76351080-E3A0-45F7-8B6B-C36F0ACF5E0F}"
EndProject
Global
	GlobalSection(SolutionConfigurationPlatforms) = preSolution
		Debug|x64 = Debug|x64
		Debug|x86 = Debug|x86
		Release|x64 = Release|x64
		Release|x86 = Release|x86
	EndGlobalSection
	GlobalSection(ProjectConfigurationPlatforms) = postSolution
		{76351080-E3A0-45F7-8B6B-C36F0ACF5E0F}.Debug|x64.ActiveCfg = Debug|x64
		{76351080-E3A0-45F7-8B6B-C36F0ACF5E0F}.Debug|x64.Build.0 = Debug|x64
		{76351080-E3A0-45F7-8B6B-C36F0ACF5E0F}.Debug|x86.ActiveCfg = Debug|Win32
		{76351080-E3A0-45F7-8B6B-C36F0ACF5E0F}.Debug|x86.Build.0 = Debug|Win32
		{76351080-E3A0-45F7-8B6B-C36F0ACF5E0F}.Release|x64.ActiveCfg = Release|x64
		{76351080-E3A0-45F7-8B6B-C36F0ACF5E0F}.Release|x64.Build.0 = Release|x64
		{76351080-E3A0-45F7-8B6B-C36F0ACF5E0F}.Release|x86.ActiveCfg = Release|Win32
		{76351080-E3A0-45F7-8B6B-C36F0ACF5E0F}.Release|x86.Build.0 = Release|Win32
	EndGlobalSection
	GlobalSection(SolutionProperties) = preSolution
		HideSolutionNode = FALSE
	EndGlobalSection
	GlobalSection(ExtensibilityGlobals) = postSolution
		SolutionGuid = {A4EA4A51-BBF6-49FD-BC08-E07990D1FD5F}
	EndGlobalSection
EndGlobal
